
Microsoft Visual Studio Solution File, Format Version 12.00
# Visual Studio Version 17
VisualStudioVersion = 17.0.31903.59
MinimumVisualStudioVersion = 10.0.40219.1
Project("{2150E333-8FDC-42A3-9474-1A3956D46DE8}") = "lib", "lib", "{3A8DF596-E814-FECC-DD4B-D8EF8AAC1A0D}"
EndProject
Project("{FAE04EC0-301F-11D3-BF4B-00C04F79EFBC}") = "SparkLabs.Common", "lib\SparkLabs.Common\SparkLabs.Common.csproj", "{6B0CC7F9-D9B3-4628-B49E-88F2CB9AECF5}"
EndProject
Project("{2150E333-8FDC-42A3-9474-1A3956D46DE8}") = "src", "src", "{827E0CD3-B72D-47B6-A68D-7590B98EB39B}"
EndProject
Project("{FAE04EC0-301F-11D3-BF4B-00C04F79EFBC}") = "SparkLabs.ProfileApi", "src\SparkLabs.ProfileApi\SparkLabs.ProfileApi.csproj", "{2E95CCA2-542C-404D-A714-AE7B0FB7A16C}"
EndProject
Project("{FAE04EC0-301F-11D3-BF4B-00C04F79EFBC}") = "SparkLabs.PhotoApi", "src\SparkLabs.PhotoApi\SparkLabs.PhotoApi.csproj", "{5E4FD4BB-C11E-4218-8345-362FD6893B88}"
EndProject
Project("{2150E333-8FDC-42A3-9474-1A3956D46DE8}") = "test", "test", "{0C88DD14-F956-CE84-757C-A364CCF449FC}"
EndProject
Project("{FAE04EC0-301F-11D3-BF4B-00C04F79EFBC}") = "SparkLabs.ProfileApi.Tests", "test\SparkLabs.ProfileApi.Tests\SparkLabs.ProfileApi.Tests.csproj", "{A5D3C538-64FE-4067-81B6-97D189109C80}"
EndProject
Project("{FAE04EC0-301F-11D3-BF4B-00C04F79EFBC}") = "SparkLabs.PhotoApi.Tests", "test\SparkLabs.PhotoApi.Tests\SparkLabs.PhotoApi.Tests.csproj", "{917A2116-5E08-459C-A421-B5464BB37F29}"
EndProject
Global
	GlobalSection(SolutionConfigurationPlatforms) = preSolution
		Debug|Any CPU = Debug|Any CPU
		Debug|x64 = Debug|x64
		Debug|x86 = Debug|x86
		Release|Any CPU = Release|Any CPU
		Release|x64 = Release|x64
		Release|x86 = Release|x86
	EndGlobalSection
	GlobalSection(ProjectConfigurationPlatforms) = postSolution
		{6B0CC7F9-D9B3-4628-B49E-88F2CB9AECF5}.Debug|Any CPU.ActiveCfg = Debug|Any CPU
		{6B0CC7F9-D9B3-4628-B49E-88F2CB9AECF5}.Debug|Any CPU.Build.0 = Debug|Any CPU
		{6B0CC7F9-D9B3-4628-B49E-88F2CB9AECF5}.Debug|x64.ActiveCfg = Debug|Any CPU
		{6B0CC7F9-D9B3-4628-B49E-88F2CB9AECF5}.Debug|x64.Build.0 = Debug|Any CPU
		{6B0CC7F9-D9B3-4628-B49E-88F2CB9AECF5}.Debug|x86.ActiveCfg = Debug|Any CPU
		{6B0CC7F9-D9B3-4628-B49E-88F2CB9AECF5}.Debug|x86.Build.0 = Debug|Any CPU
		{6B0CC7F9-D9B3-4628-B49E-88F2CB9AECF5}.Release|Any CPU.ActiveCfg = Release|Any CPU
		{6B0CC7F9-D9B3-4628-B49E-88F2CB9AECF5}.Release|Any CPU.Build.0 = Release|Any CPU
		{6B0CC7F9-D9B3-4628-B49E-88F2CB9AECF5}.Release|x64.ActiveCfg = Release|Any CPU
		{6B0CC7F9-D9B3-4628-B49E-88F2CB9AECF5}.Release|x64.Build.0 = Release|Any CPU
		{6B0CC7F9-D9B3-4628-B49E-88F2CB9AECF5}.Release|x86.ActiveCfg = Release|Any CPU
		{6B0CC7F9-D9B3-4628-B49E-88F2CB9AECF5}.Release|x86.Build.0 = Release|Any CPU
		{2E95CCA2-542C-404D-A714-AE7B0FB7A16C}.Debug|Any CPU.ActiveCfg = Debug|Any CPU
		{2E95CCA2-542C-404D-A714-AE7B0FB7A16C}.Debug|Any CPU.Build.0 = Debug|Any CPU
		{2E95CCA2-542C-404D-A714-AE7B0FB7A16C}.Debug|x64.ActiveCfg = Debug|Any CPU
		{2E95CCA2-542C-404D-A714-AE7B0FB7A16C}.Debug|x64.Build.0 = Debug|Any CPU
		{2E95CCA2-542C-404D-A714-AE7B0FB7A16C}.Debug|x86.ActiveCfg = Debug|Any CPU
		{2E95CCA2-542C-404D-A714-AE7B0FB7A16C}.Debug|x86.Build.0 = Debug|Any CPU
		{2E95CCA2-542C-404D-A714-AE7B0FB7A16C}.Release|Any CPU.ActiveCfg = Release|Any CPU
		{2E95CCA2-542C-404D-A714-AE7B0FB7A16C}.Release|Any CPU.Build.0 = Release|Any CPU
		{2E95CCA2-542C-404D-A714-AE7B0FB7A16C}.Release|x64.ActiveCfg = Release|Any CPU
		{2E95CCA2-542C-404D-A714-AE7B0FB7A16C}.Release|x64.Build.0 = Release|Any CPU
		{2E95CCA2-542C-404D-A714-AE7B0FB7A16C}.Release|x86.ActiveCfg = Release|Any CPU
		{2E95CCA2-542C-404D-A714-AE7B0FB7A16C}.Release|x86.Build.0 = Release|Any CPU
		{5E4FD4BB-C11E-4218-8345-362FD6893B88}.Debug|Any CPU.ActiveCfg = Debug|Any CPU
		{5E4FD4BB-C11E-4218-8345-362FD6893B88}.Debug|Any CPU.Build.0 = Debug|Any CPU
		{5E4FD4BB-C11E-4218-8345-362FD6893B88}.Debug|x64.ActiveCfg = Debug|Any CPU
		{5E4FD4BB-C11E-4218-8345-362FD6893B88}.Debug|x64.Build.0 = Debug|Any CPU
		{5E4FD4BB-C11E-4218-8345-362FD6893B88}.Debug|x86.ActiveCfg = Debug|Any CPU
		{5E4FD4BB-C11E-4218-8345-362FD6893B88}.Debug|x86.Build.0 = Debug|Any CPU
		{5E4FD4BB-C11E-4218-8345-362FD6893B88}.Release|Any CPU.ActiveCfg = Release|Any CPU
		{5E4FD4BB-C11E-4218-8345-362FD6893B88}.Release|Any CPU.Build.0 = Release|Any CPU
		{5E4FD4BB-C11E-4218-8345-362FD6893B88}.Release|x64.ActiveCfg = Release|Any CPU
		{5E4FD4BB-C11E-4218-8345-362FD6893B88}.Release|x64.Build.0 = Release|Any CPU
		{5E4FD4BB-C11E-4218-8345-362FD6893B88}.Release|x86.ActiveCfg = Release|Any CPU
		{5E4FD4BB-C11E-4218-8345-362FD6893B88}.Release|x86.Build.0 = Release|Any CPU
		{A5D3C538-64FE-4067-81B6-97D189109C80}.Debug|Any CPU.ActiveCfg = Debug|Any CPU
		{A5D3C538-64FE-4067-81B6-97D189109C80}.Debug|Any CPU.Build.0 = Debug|Any CPU
		{A5D3C538-64FE-4067-81B6-97D189109C80}.Debug|x64.ActiveCfg = Debug|Any CPU
		{A5D3C538-64FE-4067-81B6-97D189109C80}.Debug|x64.Build.0 = Debug|Any CPU
		{A5D3C538-64FE-4067-81B6-97D189109C80}.Debug|x86.ActiveCfg = Debug|Any CPU
		{A5D3C538-64FE-4067-81B6-97D189109C80}.Debug|x86.Build.0 = Debug|Any CPU
		{A5D3C538-64FE-4067-81B6-97D189109C80}.Release|Any CPU.ActiveCfg = Release|Any CPU
		{A5D3C538-64FE-4067-81B6-97D189109C80}.Release|Any CPU.Build.0 = Release|Any CPU
		{A5D3C538-64FE-4067-81B6-97D189109C80}.Release|x64.ActiveCfg = Release|Any CPU
		{A5D3C538-64FE-4067-81B6-97D189109C80}.Release|x64.Build.0 = Release|Any CPU
		{A5D3C538-64FE-4067-81B6-97D189109C80}.Release|x86.ActiveCfg = Release|Any CPU
		{A5D3C538-64FE-4067-81B6-97D189109C80}.Release|x86.Build.0 = Release|Any CPU
		{917A2116-5E08-459C-A421-B5464BB37F29}.Debug|Any CPU.ActiveCfg = Debug|Any CPU
		{917A2116-5E08-459C-A421-B5464BB37F29}.Debug|Any CPU.Build.0 = Debug|Any CPU
		{917A2116-5E08-459C-A421-B5464BB37F29}.Debug|x64.ActiveCfg = Debug|Any CPU
		{917A2116-5E08-459C-A421-B5464BB37F29}.Debug|x64.Build.0 = Debug|Any CPU
		{917A2116-5E08-459C-A421-B5464BB37F29}.Debug|x86.ActiveCfg = Debug|Any CPU
		{917A2116-5E08-459C-A421-B5464BB37F29}.Debug|x86.Build.0 = Debug|Any CPU
		{917A2116-5E08-459C-A421-B5464BB37F29}.Release|Any CPU.ActiveCfg = Release|Any CPU
		{917A2116-5E08-459C-A421-B5464BB37F29}.Release|Any CPU.Build.0 = Release|Any CPU
		{917A2116-5E08-459C-A421-B5464BB37F29}.Release|x64.ActiveCfg = Release|Any CPU
		{917A2116-5E08-459C-A421-B5464BB37F29}.Release|x64.Build.0 = Release|Any CPU
		{917A2116-5E08-459C-A421-B5464BB37F29}.Release|x86.ActiveCfg = Release|Any CPU
		{917A2116-5E08-459C-A421-B5464BB37F29}.Release|x86.Build.0 = Release|Any CPU
	EndGlobalSection
	GlobalSection(SolutionProperties) = preSolution
		HideSolutionNode = FALSE
	EndGlobalSection
	GlobalSection(NestedProjects) = preSolution
		{6B0CC7F9-D9B3-4628-B49E-88F2CB9AECF5} = {3A8DF596-E814-FECC-DD4B-D8EF8AAC1A0D}
		{2E95CCA2-542C-404D-A714-AE7B0FB7A16C} = {827E0CD3-B72D-47B6-A68D-7590B98EB39B}
		{5E4FD4BB-C11E-4218-8345-362FD6893B88} = {827E0CD3-B72D-47B6-A68D-7590B98EB39B}
		{A5D3C538-64FE-4067-81B6-97D189109C80} = {0C88DD14-F956-CE84-757C-A364CCF449FC}
		{917A2116-5E08-459C-A421-B5464BB37F29} = {0C88DD14-F956-CE84-757C-A364CCF449FC}
	EndGlobalSection
EndGlobal
